// !$*UTF8*$!
{
	archiveVersion = 1;
	classes = {
	};
	objectVersion = 46;
	objects = {

/* Begin PBXBuildFile section */
		9A33CA091D4700A2008837A5 /* DpadView.swift in Sources */ = {isa = PBXBuildFile; fileRef = 9A33CA081D4700A2008837A5 /* DpadView.swift */; };
		9A33CA0D1D481FA9008837A5 /* ButtonView.swift in Sources */ = {isa = PBXBuildFile; fileRef = 9A33CA0C1D481FA9008837A5 /* ButtonView.swift */; };
		9A80D7AD1D4AB0C400290848 /* HarpCommoniOS.framework in Embed Frameworks */ = {isa = PBXBuildFile; fileRef = 9A80D7AC1D4AB0C400290848 /* HarpCommoniOS.framework */; settings = {ATTRIBUTES = (CodeSignOnCopy, RemoveHeadersOnCopy, ); }; };
		9A826DF71D1CB398007F2553 /* AppDelegate.swift in Sources */ = {isa = PBXBuildFile; fileRef = 9A826DF61D1CB398007F2553 /* AppDelegate.swift */; };
		9A826DF91D1CB398007F2553 /* ViewController.swift in Sources */ = {isa = PBXBuildFile; fileRef = 9A826DF81D1CB398007F2553 /* ViewController.swift */; };
		9A826DFC1D1CB398007F2553 /* Main.storyboard in Resources */ = {isa = PBXBuildFile; fileRef = 9A826DFA1D1CB398007F2553 /* Main.storyboard */; };
		9A826DFE1D1CB398007F2553 /* Assets.xcassets in Resources */ = {isa = PBXBuildFile; fileRef = 9A826DFD1D1CB398007F2553 /* Assets.xcassets */; };
		9A826E011D1CB398007F2553 /* LaunchScreen.storyboard in Resources */ = {isa = PBXBuildFile; fileRef = 9A826DFF1D1CB398007F2553 /* LaunchScreen.storyboard */; };
		9A9052AA1D4AA78600CF678F /* HarpClient.swift in Sources */ = {isa = PBXBuildFile; fileRef = 9A9052A91D4AA78600CF678F /* HarpClient.swift */; };
		9AA5ADA81D4567C30086587A /* Proto1ViewController.swift in Sources */ = {isa = PBXBuildFile; fileRef = 9AA5ADA71D4567C30086587A /* Proto1ViewController.swift */; };
		9AA5ADAC1D45706D0086587A /* Extensions.swift in Sources */ = {isa = PBXBuildFile; fileRef = 9AA5ADAB1D45706D0086587A /* Extensions.swift */; };
		9AA5ADAF1D4583810086587A /* RemoteViewController.swift in Sources */ = {isa = PBXBuildFile; fileRef = 9AA5ADAE1D4583810086587A /* RemoteViewController.swift */; };
/* End PBXBuildFile section */

/* Begin PBXCopyFilesBuildPhase section */
		9A80D7AB1D4AB0A900290848 /* Embed Frameworks */ = {
			isa = PBXCopyFilesBuildPhase;
			buildActionMask = 2147483647;
			dstPath = "";
			dstSubfolderSpec = 10;
			files = (
				9A80D7AD1D4AB0C400290848 /* HarpCommoniOS.framework in Embed Frameworks */,
			);
			name = "Embed Frameworks";
			runOnlyForDeploymentPostprocessing = 0;
		};
/* End PBXCopyFilesBuildPhase section */

/* Begin PBXFileReference section */
		9A33CA081D4700A2008837A5 /* DpadView.swift */ = {isa = PBXFileReference; fileEncoding = 4; lastKnownFileType = sourcecode.swift; path = DpadView.swift; sourceTree = "<group>"; };
		9A33CA0C1D481FA9008837A5 /* ButtonView.swift */ = {isa = PBXFileReference; fileEncoding = 4; lastKnownFileType = sourcecode.swift; path = ButtonView.swift; sourceTree = "<group>"; };
		9A80D7AC1D4AB0C400290848 /* HarpCommoniOS.framework */ = {isa = PBXFileReference; lastKnownFileType = wrapper.framework; path = HarpCommoniOS.framework; sourceTree = "<group>"; };
		9A826DF31D1CB398007F2553 /* HarpApp.app */ = {isa = PBXFileReference; explicitFileType = wrapper.application; includeInIndex = 0; path = HarpApp.app; sourceTree = BUILT_PRODUCTS_DIR; };
		9A826DF61D1CB398007F2553 /* AppDelegate.swift */ = {isa = PBXFileReference; lastKnownFileType = sourcecode.swift; path = AppDelegate.swift; sourceTree = "<group>"; };
		9A826DF81D1CB398007F2553 /* ViewController.swift */ = {isa = PBXFileReference; lastKnownFileType = sourcecode.swift; path = ViewController.swift; sourceTree = "<group>"; };
		9A826DFB1D1CB398007F2553 /* Base */ = {isa = PBXFileReference; lastKnownFileType = file.storyboard; name = Base; path = Base.lproj/Main.storyboard; sourceTree = "<group>"; };
		9A826DFD1D1CB398007F2553 /* Assets.xcassets */ = {isa = PBXFileReference; lastKnownFileType = folder.assetcatalog; name = Assets.xcassets; path = HarpApp/Assets.xcassets; sourceTree = "<group>"; };
		9A826E001D1CB398007F2553 /* Base */ = {isa = PBXFileReference; lastKnownFileType = file.storyboard; name = Base; path = Base.lproj/LaunchScreen.storyboard; sourceTree = "<group>"; };
		9A826E021D1CB398007F2553 /* Info.plist */ = {isa = PBXFileReference; lastKnownFileType = text.plist.xml; name = Info.plist; path = HarpApp/Info.plist; sourceTree = "<group>"; };
		9A9052A91D4AA78600CF678F /* HarpClient.swift */ = {isa = PBXFileReference; fileEncoding = 4; lastKnownFileType = sourcecode.swift; path = HarpClient.swift; sourceTree = "<group>"; };
		9AA5ADA71D4567C30086587A /* Proto1ViewController.swift */ = {isa = PBXFileReference; fileEncoding = 4; lastKnownFileType = sourcecode.swift; path = Proto1ViewController.swift; sourceTree = "<group>"; };
		9AA5ADAB1D45706D0086587A /* Extensions.swift */ = {isa = PBXFileReference; fileEncoding = 4; lastKnownFileType = sourcecode.swift; path = Extensions.swift; sourceTree = "<group>"; };
		9AA5ADAE1D4583810086587A /* RemoteViewController.swift */ = {isa = PBXFileReference; fileEncoding = 4; lastKnownFileType = sourcecode.swift; path = RemoteViewController.swift; sourceTree = "<group>"; };
/* End PBXFileReference section */

/* Begin PBXFrameworksBuildPhase section */
		9A826DF01D1CB398007F2553 /* Frameworks */ = {
			isa = PBXFrameworksBuildPhase;
			buildActionMask = 2147483647;
			files = (
			);
			runOnlyForDeploymentPostprocessing = 0;
		};
/* End PBXFrameworksBuildPhase section */

/* Begin PBXGroup section */
		9A80D7AE1D4AB90D00290848 /* Views */ = {
			isa = PBXGroup;
			children = (
				9A33CA0C1D481FA9008837A5 /* ButtonView.swift */,
				9A33CA081D4700A2008837A5 /* DpadView.swift */,
			);
			name = Views;
			sourceTree = "<group>";
		};
		9A826DEA1D1CB398007F2553 = {
			isa = PBXGroup;
			children = (
				9A80D7AC1D4AB0C400290848 /* HarpCommoniOS.framework */,
				9A826DF51D1CB398007F2553 /* HarpApp */,
				9A826DF41D1CB398007F2553 /* Products */,
				9A9E0B921D23197D009A0538 /* Supporting Files */,
			);
			sourceTree = "<group>";
		};
		9A826DF41D1CB398007F2553 /* Products */ = {
			isa = PBXGroup;
			children = (
				9A826DF31D1CB398007F2553 /* HarpApp.app */,
			);
			name = Products;
			sourceTree = "<group>";
		};
		9A826DF51D1CB398007F2553 /* HarpApp */ = {
			isa = PBXGroup;
			children = (
				9AA5ADAD1D4582050086587A /* Controllers */,
				9A80D7AE1D4AB90D00290848 /* Views */,
				9A826DF61D1CB398007F2553 /* AppDelegate.swift */,
				9AA5ADAB1D45706D0086587A /* Extensions.swift */,
				9A9052A91D4AA78600CF678F /* HarpClient.swift */,
				9A826DF81D1CB398007F2553 /* ViewController.swift */,
			);
			path = HarpApp;
			sourceTree = "<group>";
		};
		9A9E0B921D23197D009A0538 /* Supporting Files */ = {
			isa = PBXGroup;
			children = (
				9A826DFD1D1CB398007F2553 /* Assets.xcassets */,
				9A826E021D1CB398007F2553 /* Info.plist */,
				9A826DFF1D1CB398007F2553 /* LaunchScreen.storyboard */,
				9A826DFA1D1CB398007F2553 /* Main.storyboard */,
			);
			name = "Supporting Files";
			sourceTree = "<group>";
		};
		9AA5ADAD1D4582050086587A /* Controllers */ = {
			isa = PBXGroup;
			children = (
				9AA5ADA71D4567C30086587A /* Proto1ViewController.swift */,
				9AA5ADAE1D4583810086587A /* RemoteViewController.swift */,
			);
			name = Controllers;
			sourceTree = "<group>";
		};
/* End PBXGroup section */

/* Begin PBXNativeTarget section */
		9A826DF21D1CB398007F2553 /* HarpApp */ = {
			isa = PBXNativeTarget;
			buildConfigurationList = 9A826E051D1CB398007F2553 /* Build configuration list for PBXNativeTarget "HarpApp" */;
			buildPhases = (
				9A826DEF1D1CB398007F2553 /* Sources */,
				9A826DF01D1CB398007F2553 /* Frameworks */,
				9A826DF11D1CB398007F2553 /* Resources */,
				9A80D7AB1D4AB0A900290848 /* Embed Frameworks */,
			);
			buildRules = (
			);
			dependencies = (
			);
			name = HarpApp;
			productName = HarpApp;
			productReference = 9A826DF31D1CB398007F2553 /* HarpApp.app */;
			productType = "com.apple.product-type.application";
		};
/* End PBXNativeTarget section */

/* Begin PBXProject section */
		9A826DEB1D1CB398007F2553 /* Project object */ = {
			isa = PBXProject;
			attributes = {
				LastSwiftUpdateCheck = 0730;
				LastUpgradeCheck = 0730;
				ORGANIZATIONNAME = "Lou Zell";
				TargetAttributes = {
					9A826DF21D1CB398007F2553 = {
						CreatedOnToolsVersion = 7.3;
					};
				};
			};
			buildConfigurationList = 9A826DEE1D1CB398007F2553 /* Build configuration list for PBXProject "HarpApp" */;
			compatibilityVersion = "Xcode 3.2";
			developmentRegion = English;
			hasScannedForEncodings = 0;
			knownRegions = (
				en,
				Base,
			);
			mainGroup = 9A826DEA1D1CB398007F2553;
			productRefGroup = 9A826DF41D1CB398007F2553 /* Products */;
			projectDirPath = "";
			projectRoot = "";
			targets = (
				9A826DF21D1CB398007F2553 /* HarpApp */,
			);
		};
/* End PBXProject section */

/* Begin PBXResourcesBuildPhase section */
		9A826DF11D1CB398007F2553 /* Resources */ = {
			isa = PBXResourcesBuildPhase;
			buildActionMask = 2147483647;
			files = (
				9A826E011D1CB398007F2553 /* LaunchScreen.storyboard in Resources */,
				9A826DFE1D1CB398007F2553 /* Assets.xcassets in Resources */,
				9A826DFC1D1CB398007F2553 /* Main.storyboard in Resources */,
			);
			runOnlyForDeploymentPostprocessing = 0;
		};
/* End PBXResourcesBuildPhase section */

/* Begin PBXSourcesBuildPhase section */
		9A826DEF1D1CB398007F2553 /* Sources */ = {
			isa = PBXSourcesBuildPhase;
			buildActionMask = 2147483647;
			files = (
				9A9052AA1D4AA78600CF678F /* HarpClient.swift in Sources */,
				9AA5ADAF1D4583810086587A /* RemoteViewController.swift in Sources */,
				9A826DF91D1CB398007F2553 /* ViewController.swift in Sources */,
				9A33CA0D1D481FA9008837A5 /* ButtonView.swift in Sources */,
				9AA5ADA81D4567C30086587A /* Proto1ViewController.swift in Sources */,
				9A826DF71D1CB398007F2553 /* AppDelegate.swift in Sources */,
				9A33CA091D4700A2008837A5 /* DpadView.swift in Sources */,
				9AA5ADAC1D45706D0086587A /* Extensions.swift in Sources */,
			);
			runOnlyForDeploymentPostprocessing = 0;
		};
/* End PBXSourcesBuildPhase section */

/* Begin PBXVariantGroup section */
		9A826DFA1D1CB398007F2553 /* Main.storyboard */ = {
			isa = PBXVariantGroup;
			children = (
				9A826DFB1D1CB398007F2553 /* Base */,
			);
			name = Main.storyboard;
			path = HarpApp;
			sourceTree = "<group>";
		};
		9A826DFF1D1CB398007F2553 /* LaunchScreen.storyboard */ = {
			isa = PBXVariantGroup;
			children = (
				9A826E001D1CB398007F2553 /* Base */,
			);
			name = LaunchScreen.storyboard;
			path = HarpApp;
			sourceTree = "<group>";
		};
/* End PBXVariantGroup section */

/* Begin XCBuildConfiguration section */
		9A826E031D1CB398007F2553 /* Debug */ = {
			isa = XCBuildConfiguration;
			buildSettings = {
				ALWAYS_SEARCH_USER_PATHS = NO;
				CLANG_ANALYZER_NONNULL = YES;
				CLANG_CXX_LANGUAGE_STANDARD = "gnu++0x";
				CLANG_CXX_LIBRARY = "libc++";
				CLANG_ENABLE_MODULES = YES;
				CLANG_ENABLE_OBJC_ARC = YES;
				CLANG_WARN_BOOL_CONVERSION = YES;
				CLANG_WARN_CONSTANT_CONVERSION = YES;
				CLANG_WARN_DIRECT_OBJC_ISA_USAGE = YES_ERROR;
				CLANG_WARN_EMPTY_BODY = YES;
				CLANG_WARN_ENUM_CONVERSION = YES;
				CLANG_WARN_INT_CONVERSION = YES;
				CLANG_WARN_OBJC_ROOT_CLASS = YES_ERROR;
				CLANG_WARN_UNREACHABLE_CODE = YES;
				CLANG_WARN__DUPLICATE_METHOD_MATCH = YES;
				"CODE_SIGN_IDENTITY[sdk=iphoneos*]" = "iPhone Developer";
				COPY_PHASE_STRIP = NO;
				DEBUG_INFORMATION_FORMAT = dwarf;
				ENABLE_STRICT_OBJC_MSGSEND = YES;
				ENABLE_TESTABILITY = YES;
				GCC_C_LANGUAGE_STANDARD = gnu99;
				GCC_DYNAMIC_NO_PIC = NO;
				GCC_NO_COMMON_BLOCKS = YES;
				GCC_OPTIMIZATION_LEVEL = 0;
				GCC_PREPROCESSOR_DEFINITIONS = (
					"DEBUG=1",
					"$(inherited)",
				);
				GCC_WARN_64_TO_32_BIT_CONVERSION = YES;
				GCC_WARN_ABOUT_RETURN_TYPE = YES_ERROR;
				GCC_WARN_UNDECLARED_SELECTOR = YES;
				GCC_WARN_UNINITIALIZED_AUTOS = YES_AGGRESSIVE;
				GCC_WARN_UNUSED_FUNCTION = YES;
				GCC_WARN_UNUSED_VARIABLE = YES;
				IPHONEOS_DEPLOYMENT_TARGET = 9.3;
				MTL_ENABLE_DEBUG_INFO = YES;
				ONLY_ACTIVE_ARCH = YES;
				SDKROOT = iphoneos;
				SWIFT_OPTIMIZATION_LEVEL = "-Onone";
				TARGETED_DEVICE_FAMILY = "1,2";
			};
			name = Debug;
		};
		9A826E041D1CB398007F2553 /* Release */ = {
			isa = XCBuildConfiguration;
			buildSettings = {
				ALWAYS_SEARCH_USER_PATHS = NO;
				CLANG_ANALYZER_NONNULL = YES;
				CLANG_CXX_LANGUAGE_STANDARD = "gnu++0x";
				CLANG_CXX_LIBRARY = "libc++";
				CLANG_ENABLE_MODULES = YES;
				CLANG_ENABLE_OBJC_ARC = YES;
				CLANG_WARN_BOOL_CONVERSION = YES;
				CLANG_WARN_CONSTANT_CONVERSION = YES;
				CLANG_WARN_DIRECT_OBJC_ISA_USAGE = YES_ERROR;
				CLANG_WARN_EMPTY_BODY = YES;
				CLANG_WARN_ENUM_CONVERSION = YES;
				CLANG_WARN_INT_CONVERSION = YES;
				CLANG_WARN_OBJC_ROOT_CLASS = YES_ERROR;
				CLANG_WARN_UNREACHABLE_CODE = YES;
				CLANG_WARN__DUPLICATE_METHOD_MATCH = YES;
				"CODE_SIGN_IDENTITY[sdk=iphoneos*]" = "iPhone Developer";
				COPY_PHASE_STRIP = NO;
				DEBUG_INFORMATION_FORMAT = "dwarf-with-dsym";
				ENABLE_NS_ASSERTIONS = NO;
				ENABLE_STRICT_OBJC_MSGSEND = YES;
				GCC_C_LANGUAGE_STANDARD = gnu99;
				GCC_NO_COMMON_BLOCKS = YES;
				GCC_WARN_64_TO_32_BIT_CONVERSION = YES;
				GCC_WARN_ABOUT_RETURN_TYPE = YES_ERROR;
				GCC_WARN_UNDECLARED_SELECTOR = YES;
				GCC_WARN_UNINITIALIZED_AUTOS = YES_AGGRESSIVE;
				GCC_WARN_UNUSED_FUNCTION = YES;
				GCC_WARN_UNUSED_VARIABLE = YES;
				IPHONEOS_DEPLOYMENT_TARGET = 9.3;
				MTL_ENABLE_DEBUG_INFO = NO;
				SDKROOT = iphoneos;
				TARGETED_DEVICE_FAMILY = "1,2";
				VALIDATE_PRODUCT = YES;
			};
			name = Release;
		};
		9A826E061D1CB398007F2553 /* Debug */ = {
			isa = XCBuildConfiguration;
			buildSettings = {
				ASSETCATALOG_COMPILER_APPICON_NAME = AppIcon;
				INFOPLIST_FILE = HarpApp/Info.plist;
				LD_RUNPATH_SEARCH_PATHS = "$(inherited) @executable_path/Frameworks";
				PRODUCT_BUNDLE_IDENTIFIER = com.fareharbor.HarpApp;
				PRODUCT_NAME = "$(TARGET_NAME)";
			};
			name = Debug;
		};
		9A826E071D1CB398007F2553 /* Release */ = {
			isa = XCBuildConfiguration;
			buildSettings = {
				ASSETCATALOG_COMPILER_APPICON_NAME = AppIcon;
				INFOPLIST_FILE = HarpApp/Info.plist;
				LD_RUNPATH_SEARCH_PATHS = "$(inherited) @executable_path/Frameworks";
				PRODUCT_BUNDLE_IDENTIFIER = com.fareharbor.HarpApp;
				PRODUCT_NAME = "$(TARGET_NAME)";
			};
			name = Release;
		};
/* End XCBuildConfiguration section */

/* Begin XCConfigurationList section */
		9A826DEE1D1CB398007F2553 /* Build configuration list for PBXProject "HarpApp" */ = {
			isa = XCConfigurationList;
			buildConfigurations = (
				9A826E031D1CB398007F2553 /* Debug */,
				9A826E041D1CB398007F2553 /* Release */,
			);
			defaultConfigurationIsVisible = 0;
			defaultConfigurationName = Release;
		};
		9A826E051D1CB398007F2553 /* Build configuration list for PBXNativeTarget "HarpApp" */ = {
			isa = XCConfigurationList;
			buildConfigurations = (
				9A826E061D1CB398007F2553 /* Debug */,
				9A826E071D1CB398007F2553 /* Release */,
			);
			defaultConfigurationIsVisible = 0;
			defaultConfigurationName = Release;
		};
/* End XCConfigurationList section */
	};
	rootObject = 9A826DEB1D1CB398007F2553 /* Project object */;
}
