// !$*UTF8*$!
{
	archiveVersion = 1;
	classes = {
	};
	objectVersion = 46;
	objects = {

/* Begin PBXBuildFile section */
		9AD637AC1D1CB46F00BBF330 /* AppDelegate.swift in Sources */ = {isa = PBXBuildFile; fileRef = 9AD637AB1D1CB46F00BBF330 /* AppDelegate.swift */; };
		9AD637AE1D1CB46F00BBF330 /* Assets.xcassets in Resources */ = {isa = PBXBuildFile; fileRef = 9AD637AD1D1CB46F00BBF330 /* Assets.xcassets */; };
		9AD637B11D1CB46F00BBF330 /* MainMenu.xib in Resources */ = {isa = PBXBuildFile; fileRef = 9AD637AF1D1CB46F00BBF330 /* MainMenu.xib */; };
/* End PBXBuildFile section */

/* Begin PBXCopyFilesBuildPhase section */
		9AA9E6131D626FDD00C72E2C /* Embed Frameworks */ = {
			isa = PBXCopyFilesBuildPhase;
			buildActionMask = 2147483647;
			dstPath = "";
			dstSubfolderSpec = 10;
			files = (
			);
			name = "Embed Frameworks";
			runOnlyForDeploymentPostprocessing = 0;
		};
/* End PBXCopyFilesBuildPhase section */

/* Begin PBXFileReference section */
		9AD637A81D1CB46F00BBF330 /* HarpHost.app */ = {isa = PBXFileReference; explicitFileType = wrapper.application; includeInIndex = 0; path = HarpHost.app; sourceTree = BUILT_PRODUCTS_DIR; };
		9AD637AB1D1CB46F00BBF330 /* AppDelegate.swift */ = {isa = PBXFileReference; lastKnownFileType = sourcecode.swift; path = AppDelegate.swift; sourceTree = "<group>"; };
		9AD637AD1D1CB46F00BBF330 /* Assets.xcassets */ = {isa = PBXFileReference; lastKnownFileType = folder.assetcatalog; name = Assets.xcassets; path = HarpHost/Assets.xcassets; sourceTree = "<group>"; };
		9AD637B01D1CB46F00BBF330 /* Base */ = {isa = PBXFileReference; lastKnownFileType = file.xib; name = Base; path = Base.lproj/MainMenu.xib; sourceTree = "<group>"; };
		9AD637B21D1CB46F00BBF330 /* Info.plist */ = {isa = PBXFileReference; lastKnownFileType = text.plist.xml; name = Info.plist; path = HarpHost/Info.plist; sourceTree = "<group>"; };
/* End PBXFileReference section */

/* Begin PBXFrameworksBuildPhase section */
		9AD637A51D1CB46F00BBF330 /* Frameworks */ = {
			isa = PBXFrameworksBuildPhase;
			buildActionMask = 2147483647;
			files = (
			);
			runOnlyForDeploymentPostprocessing = 0;
		};
/* End PBXFrameworksBuildPhase section */

/* Begin PBXGroup section */
		9A80D7B31D4B01F300290848 /* Supporting Files */ = {
			isa = PBXGroup;
			children = (
				9AD637AD1D1CB46F00BBF330 /* Assets.xcassets */,
				9AD637B21D1CB46F00BBF330 /* Info.plist */,
			);
			name = "Supporting Files";
			sourceTree = "<group>";
		};
		9AD6379F1D1CB46F00BBF330 = {
			isa = PBXGroup;
			children = (
				9AD637AA1D1CB46F00BBF330 /* HarpHost */,
				9AD637A91D1CB46F00BBF330 /* Products */,
				9A80D7B31D4B01F300290848 /* Supporting Files */,
			);
			sourceTree = "<group>";
		};
		9AD637A91D1CB46F00BBF330 /* Products */ = {
			isa = PBXGroup;
			children = (
				9AD637A81D1CB46F00BBF330 /* HarpHost.app */,
			);
			name = Products;
			sourceTree = "<group>";
		};
		9AD637AA1D1CB46F00BBF330 /* HarpHost */ = {
			isa = PBXGroup;
			children = (
				9AD637AB1D1CB46F00BBF330 /* AppDelegate.swift */,
				9AD637AF1D1CB46F00BBF330 /* MainMenu.xib */,
			);
			path = HarpHost;
			sourceTree = "<group>";
		};
/* End PBXGroup section */

/* Begin PBXNativeTarget section */
		9AD637A71D1CB46F00BBF330 /* HarpHost */ = {
			isa = PBXNativeTarget;
			buildConfigurationList = 9AD637B51D1CB46F00BBF330 /* Build configuration list for PBXNativeTarget "HarpHost" */;
			buildPhases = (
				9AD637A41D1CB46F00BBF330 /* Sources */,
				9AD637A51D1CB46F00BBF330 /* Frameworks */,
				9AD637A61D1CB46F00BBF330 /* Resources */,
				9AA9E6131D626FDD00C72E2C /* Embed Frameworks */,
			);
			buildRules = (
			);
			dependencies = (
			);
			name = HarpHost;
			productName = HarpClient;
			productReference = 9AD637A81D1CB46F00BBF330 /* HarpHost.app */;
			productType = "com.apple.product-type.application";
		};
/* End PBXNativeTarget section */

/* Begin PBXProject section */
		9AD637A01D1CB46F00BBF330 /* Project object */ = {
			isa = PBXProject;
			attributes = {
				LastSwiftUpdateCheck = 0730;
				LastUpgradeCheck = 0730;
				ORGANIZATIONNAME = "Lou Zell";
				TargetAttributes = {
					9AD637A71D1CB46F00BBF330 = {
						CreatedOnToolsVersion = 7.3;
						LastSwiftMigration = 0800;
					};
				};
			};
			buildConfigurationList = 9AD637A31D1CB46F00BBF330 /* Build configuration list for PBXProject "HarpHost" */;
			compatibilityVersion = "Xcode 3.2";
			developmentRegion = English;
			hasScannedForEncodings = 0;
			knownRegions = (
				en,
				Base,
			);
			mainGroup = 9AD6379F1D1CB46F00BBF330;
			productRefGroup = 9AD637A91D1CB46F00BBF330 /* Products */;
			projectDirPath = "";
			projectRoot = "";
			targets = (
				9AD637A71D1CB46F00BBF330 /* HarpHost */,
			);
		};
/* End PBXProject section */

/* Begin PBXResourcesBuildPhase section */
		9AD637A61D1CB46F00BBF330 /* Resources */ = {
			isa = PBXResourcesBuildPhase;
			buildActionMask = 2147483647;
			files = (
				9AD637AE1D1CB46F00BBF330 /* Assets.xcassets in Resources */,
				9AD637B11D1CB46F00BBF330 /* MainMenu.xib in Resources */,
			);
			runOnlyForDeploymentPostprocessing = 0;
		};
/* End PBXResourcesBuildPhase section */

/* Begin PBXSourcesBuildPhase section */
		9AD637A41D1CB46F00BBF330 /* Sources */ = {
			isa = PBXSourcesBuildPhase;
			buildActionMask = 2147483647;
			files = (
				9AD637AC1D1CB46F00BBF330 /* AppDelegate.swift in Sources */,
			);
			runOnlyForDeploymentPostprocessing = 0;
		};
/* End PBXSourcesBuildPhase section */

/* Begin PBXVariantGroup section */
		9AD637AF1D1CB46F00BBF330 /* MainMenu.xib */ = {
			isa = PBXVariantGroup;
			children = (
				9AD637B01D1CB46F00BBF330 /* Base */,
			);
			name = MainMenu.xib;
			sourceTree = "<group>";
		};
/* End PBXVariantGroup section */

/* Begin XCBuildConfiguration section */
		9AD637B31D1CB46F00BBF330 /* Debug */ = {
			isa = XCBuildConfiguration;
			buildSettings = {
				ALWAYS_SEARCH_USER_PATHS = NO;
				CLANG_ANALYZER_NONNULL = YES;
				CLANG_CXX_LANGUAGE_STANDARD = "gnu++0x";
				CLANG_CXX_LIBRARY = "libc++";
				CLANG_ENABLE_MODULES = YES;
				CLANG_ENABLE_OBJC_ARC = YES;
				CLANG_WARN_BOOL_CONVERSION = YES;
				CLANG_WARN_CONSTANT_CONVERSION = YES;
				CLANG_WARN_DIRECT_OBJC_ISA_USAGE = YES_ERROR;
				CLANG_WARN_EMPTY_BODY = YES;
				CLANG_WARN_ENUM_CONVERSION = YES;
				CLANG_WARN_INT_CONVERSION = YES;
				CLANG_WARN_OBJC_ROOT_CLASS = YES_ERROR;
				CLANG_WARN_UNREACHABLE_CODE = YES;
				CLANG_WARN__DUPLICATE_METHOD_MATCH = YES;
				CODE_SIGN_IDENTITY = "-";
				COPY_PHASE_STRIP = NO;
				DEBUG_INFORMATION_FORMAT = dwarf;
				ENABLE_STRICT_OBJC_MSGSEND = YES;
				ENABLE_TESTABILITY = YES;
				GCC_C_LANGUAGE_STANDARD = gnu99;
				GCC_DYNAMIC_NO_PIC = NO;
				GCC_NO_COMMON_BLOCKS = YES;
				GCC_OPTIMIZATION_LEVEL = 0;
				GCC_PREPROCESSOR_DEFINITIONS = (
					"DEBUG=1",
					"$(inherited)",
				);
				GCC_WARN_64_TO_32_BIT_CONVERSION = YES;
				GCC_WARN_ABOUT_RETURN_TYPE = YES_ERROR;
				GCC_WARN_UNDECLARED_SELECTOR = YES;
				GCC_WARN_UNINITIALIZED_AUTOS = YES_AGGRESSIVE;
				GCC_WARN_UNUSED_FUNCTION = YES;
				GCC_WARN_UNUSED_VARIABLE = YES;
				MACOSX_DEPLOYMENT_TARGET = 10.11;
				MTL_ENABLE_DEBUG_INFO = YES;
				ONLY_ACTIVE_ARCH = YES;
				SDKROOT = macosx;
				SWIFT_OPTIMIZATION_LEVEL = "-Onone";
			};
			name = Debug;
		};
		9AD637B41D1CB46F00BBF330 /* Release */ = {
			isa = XCBuildConfiguration;
			buildSettings = {
				ALWAYS_SEARCH_USER_PATHS = NO;
				CLANG_ANALYZER_NONNULL = YES;
				CLANG_CXX_LANGUAGE_STANDARD = "gnu++0x";
				CLANG_CXX_LIBRARY = "libc++";
				CLANG_ENABLE_MODULES = YES;
				CLANG_ENABLE_OBJC_ARC = YES;
				CLANG_WARN_BOOL_CONVERSION = YES;
				CLANG_WARN_CONSTANT_CONVERSION = YES;
				CLANG_WARN_DIRECT_OBJC_ISA_USAGE = YES_ERROR;
				CLANG_WARN_EMPTY_BODY = YES;
				CLANG_WARN_ENUM_CONVERSION = YES;
				CLANG_WARN_INT_CONVERSION = YES;
				CLANG_WARN_OBJC_ROOT_CLASS = YES_ERROR;
				CLANG_WARN_UNREACHABLE_CODE = YES;
				CLANG_WARN__DUPLICATE_METHOD_MATCH = YES;
				CODE_SIGN_IDENTITY = "-";
				COPY_PHASE_STRIP = NO;
				DEBUG_INFORMATION_FORMAT = "dwarf-with-dsym";
				ENABLE_NS_ASSERTIONS = NO;
				ENABLE_STRICT_OBJC_MSGSEND = YES;
				GCC_C_LANGUAGE_STANDARD = gnu99;
				GCC_NO_COMMON_BLOCKS = YES;
				GCC_WARN_64_TO_32_BIT_CONVERSION = YES;
				GCC_WARN_ABOUT_RETURN_TYPE = YES_ERROR;
				GCC_WARN_UNDECLARED_SELECTOR = YES;
				GCC_WARN_UNINITIALIZED_AUTOS = YES_AGGRESSIVE;
				GCC_WARN_UNUSED_FUNCTION = YES;
				GCC_WARN_UNUSED_VARIABLE = YES;
				MACOSX_DEPLOYMENT_TARGET = 10.11;
				MTL_ENABLE_DEBUG_INFO = NO;
				SDKROOT = macosx;
			};
			name = Release;
		};
		9AD637B61D1CB46F00BBF330 /* Debug */ = {
			isa = XCBuildConfiguration;
			buildSettings = {
				ASSETCATALOG_COMPILER_APPICON_NAME = AppIcon;
				COMBINE_HIDPI_IMAGES = YES;
				INFOPLIST_FILE = HarpHost/Info.plist;
				LD_RUNPATH_SEARCH_PATHS = "$(inherited) @executable_path/../Frameworks";
				PRODUCT_BUNDLE_IDENTIFIER = com.lzell.HarpHost;
				PRODUCT_NAME = HarpHost;
				SWIFT_VERSION = 3.0;
			};
			name = Debug;
		};
		9AD637B71D1CB46F00BBF330 /* Release */ = {
			isa = XCBuildConfiguration;
			buildSettings = {
				ASSETCATALOG_COMPILER_APPICON_NAME = AppIcon;
				COMBINE_HIDPI_IMAGES = YES;
				INFOPLIST_FILE = HarpHost/Info.plist;
				LD_RUNPATH_SEARCH_PATHS = "$(inherited) @executable_path/../Frameworks";
				PRODUCT_BUNDLE_IDENTIFIER = com.lzell.HarpHost;
				PRODUCT_NAME = HarpHost;
				SWIFT_VERSION = 3.0;
			};
			name = Release;
		};
/* End XCBuildConfiguration section */

/* Begin XCConfigurationList section */
		9AD637A31D1CB46F00BBF330 /* Build configuration list for PBXProject "HarpHost" */ = {
			isa = XCConfigurationList;
			buildConfigurations = (
				9AD637B31D1CB46F00BBF330 /* Debug */,
				9AD637B41D1CB46F00BBF330 /* Release */,
			);
			defaultConfigurationIsVisible = 0;
			defaultConfigurationName = Release;
		};
		9AD637B51D1CB46F00BBF330 /* Build configuration list for PBXNativeTarget "HarpHost" */ = {
			isa = XCConfigurationList;
			buildConfigurations = (
				9AD637B61D1CB46F00BBF330 /* Debug */,
				9AD637B71D1CB46F00BBF330 /* Release */,
			);
			defaultConfigurationIsVisible = 0;
			defaultConfigurationName = Release;
		};
/* End XCConfigurationList section */
	};
	rootObject = 9AD637A01D1CB46F00BBF330 /* Project object */;
}
