// !$*UTF8*$!
{
	archiveVersion = 1;
	classes = {
	};
	objectVersion = 46;
	objects = {

/* Begin PBXBuildFile section */
		9A8FBFC51D6FB70E0027F644 /* MBFingerTipWindow.m in Sources */ = {isa = PBXBuildFile; fileRef = 9A8FBFC41D6FB70E0027F644 /* MBFingerTipWindow.m */; };
		9A9198BF1D63A3DB00DA107D /* HarpiOS.framework in Frameworks */ = {isa = PBXBuildFile; fileRef = 9A9198BE1D63A3DB00DA107D /* HarpiOS.framework */; };
		9A9198C01D63A3E800DA107D /* HarpiOS.framework in Embed Frameworks */ = {isa = PBXBuildFile; fileRef = 9A9198BE1D63A3DB00DA107D /* HarpiOS.framework */; settings = {ATTRIBUTES = (CodeSignOnCopy, RemoveHeadersOnCopy, ); }; };
		9A9198C31D63A6DF00DA107D /* Proto1ViewController.swift in Sources */ = {isa = PBXBuildFile; fileRef = 9A9198C21D63A6DF00DA107D /* Proto1ViewController.swift */; };
		9A9198C51D63A6E400DA107D /* Proto2ViewController.swift in Sources */ = {isa = PBXBuildFile; fileRef = 9A9198C41D63A6E400DA107D /* Proto2ViewController.swift */; };
		9A9198C71D63A6EA00DA107D /* RemoteViewController.swift in Sources */ = {isa = PBXBuildFile; fileRef = 9A9198C61D63A6EA00DA107D /* RemoteViewController.swift */; };
		9A9198CA1D63A70100DA107D /* Assets.xcassets in Resources */ = {isa = PBXBuildFile; fileRef = 9A9198C91D63A70100DA107D /* Assets.xcassets */; };
		9A9198CE1D63A71000DA107D /* ButtonView.swift in Sources */ = {isa = PBXBuildFile; fileRef = 9A9198CB1D63A71000DA107D /* ButtonView.swift */; };
		9A9198CF1D63A71000DA107D /* DpadView.swift in Sources */ = {isa = PBXBuildFile; fileRef = 9A9198CC1D63A71000DA107D /* DpadView.swift */; };
		9A9198D01D63A71000DA107D /* StickView.swift in Sources */ = {isa = PBXBuildFile; fileRef = 9A9198CD1D63A71000DA107D /* StickView.swift */; };
		9A9198D21D63A71D00DA107D /* AppDelegate.swift in Sources */ = {isa = PBXBuildFile; fileRef = 9A9198D11D63A71D00DA107D /* AppDelegate.swift */; };
		9A9198D41D63A72500DA107D /* Extensions.swift in Sources */ = {isa = PBXBuildFile; fileRef = 9A9198D31D63A72500DA107D /* Extensions.swift */; };
		9A9198D61D63A73800DA107D /* ViewController.swift in Sources */ = {isa = PBXBuildFile; fileRef = 9A9198D51D63A73800DA107D /* ViewController.swift */; };
		9A9198D91D63A76B00DA107D /* LaunchScreen.storyboard in Resources */ = {isa = PBXBuildFile; fileRef = 9A9198D71D63A76B00DA107D /* LaunchScreen.storyboard */; };
		9A9198DC1D63A77A00DA107D /* Main.storyboard in Resources */ = {isa = PBXBuildFile; fileRef = 9A9198DA1D63A77A00DA107D /* Main.storyboard */; };
/* End PBXBuildFile section */

/* Begin PBXCopyFilesBuildPhase section */
		9A77C5E41D627DDA0049766C /* Embed Frameworks */ = {
			isa = PBXCopyFilesBuildPhase;
			buildActionMask = 2147483647;
			dstPath = "";
			dstSubfolderSpec = 10;
			files = (
				9A9198C01D63A3E800DA107D /* HarpiOS.framework in Embed Frameworks */,
			);
			name = "Embed Frameworks";
			runOnlyForDeploymentPostprocessing = 0;
		};
/* End PBXCopyFilesBuildPhase section */

/* Begin PBXFileReference section */
		9A8FBFC31D6FB70E0027F644 /* MBFingerTipWindow.h */ = {isa = PBXFileReference; fileEncoding = 4; lastKnownFileType = sourcecode.c.h; path = MBFingerTipWindow.h; sourceTree = "<group>"; };
		9A8FBFC41D6FB70E0027F644 /* MBFingerTipWindow.m */ = {isa = PBXFileReference; fileEncoding = 4; lastKnownFileType = sourcecode.c.objc; path = MBFingerTipWindow.m; sourceTree = "<group>"; };
		9A9198BE1D63A3DB00DA107D /* HarpiOS.framework */ = {isa = PBXFileReference; lastKnownFileType = wrapper.framework; path = HarpiOS.framework; sourceTree = BUILT_PRODUCTS_DIR; };
		9A9198C11D63A6D300DA107D /* HarpController-Bridging-Header.h */ = {isa = PBXFileReference; lastKnownFileType = sourcecode.c.h; name = "HarpController-Bridging-Header.h"; path = "HarpController/HarpController-Bridging-Header.h"; sourceTree = SOURCE_ROOT; };
		9A9198C21D63A6DF00DA107D /* Proto1ViewController.swift */ = {isa = PBXFileReference; fileEncoding = 4; lastKnownFileType = sourcecode.swift; name = Proto1ViewController.swift; path = HarpController/Proto1ViewController.swift; sourceTree = SOURCE_ROOT; };
		9A9198C41D63A6E400DA107D /* Proto2ViewController.swift */ = {isa = PBXFileReference; fileEncoding = 4; lastKnownFileType = sourcecode.swift; name = Proto2ViewController.swift; path = HarpController/Proto2ViewController.swift; sourceTree = SOURCE_ROOT; };
		9A9198C61D63A6EA00DA107D /* RemoteViewController.swift */ = {isa = PBXFileReference; fileEncoding = 4; lastKnownFileType = sourcecode.swift; name = RemoteViewController.swift; path = HarpController/RemoteViewController.swift; sourceTree = SOURCE_ROOT; };
		9A9198C81D63A6F600DA107D /* Info.plist */ = {isa = PBXFileReference; lastKnownFileType = text.plist.xml; name = Info.plist; path = HarpController/Info.plist; sourceTree = SOURCE_ROOT; };
		9A9198C91D63A70100DA107D /* Assets.xcassets */ = {isa = PBXFileReference; lastKnownFileType = folder.assetcatalog; name = Assets.xcassets; path = HarpController/Assets.xcassets; sourceTree = SOURCE_ROOT; };
		9A9198CB1D63A71000DA107D /* ButtonView.swift */ = {isa = PBXFileReference; fileEncoding = 4; lastKnownFileType = sourcecode.swift; name = ButtonView.swift; path = HarpController/ButtonView.swift; sourceTree = SOURCE_ROOT; };
		9A9198CC1D63A71000DA107D /* DpadView.swift */ = {isa = PBXFileReference; fileEncoding = 4; lastKnownFileType = sourcecode.swift; name = DpadView.swift; path = HarpController/DpadView.swift; sourceTree = SOURCE_ROOT; };
		9A9198CD1D63A71000DA107D /* StickView.swift */ = {isa = PBXFileReference; fileEncoding = 4; lastKnownFileType = sourcecode.swift; name = StickView.swift; path = HarpController/StickView.swift; sourceTree = SOURCE_ROOT; };
		9A9198D11D63A71D00DA107D /* AppDelegate.swift */ = {isa = PBXFileReference; fileEncoding = 4; lastKnownFileType = sourcecode.swift; name = AppDelegate.swift; path = HarpController/AppDelegate.swift; sourceTree = SOURCE_ROOT; };
		9A9198D31D63A72500DA107D /* Extensions.swift */ = {isa = PBXFileReference; fileEncoding = 4; lastKnownFileType = sourcecode.swift; name = Extensions.swift; path = HarpController/Extensions.swift; sourceTree = SOURCE_ROOT; };
		9A9198D51D63A73800DA107D /* ViewController.swift */ = {isa = PBXFileReference; fileEncoding = 4; lastKnownFileType = sourcecode.swift; name = ViewController.swift; path = HarpController/ViewController.swift; sourceTree = SOURCE_ROOT; };
		9A9198D81D63A76B00DA107D /* Base */ = {isa = PBXFileReference; lastKnownFileType = file.storyboard; name = Base; path = HarpController/Base.lproj/LaunchScreen.storyboard; sourceTree = SOURCE_ROOT; };
		9A9198DB1D63A77A00DA107D /* Base */ = {isa = PBXFileReference; lastKnownFileType = file.storyboard; name = Base; path = HarpController/Base.lproj/Main.storyboard; sourceTree = SOURCE_ROOT; };
		9AD0143E1D5553C4001BEE77 /* HarpController.app */ = {isa = PBXFileReference; explicitFileType = wrapper.application; includeInIndex = 0; path = HarpController.app; sourceTree = BUILT_PRODUCTS_DIR; };
/* End PBXFileReference section */

/* Begin PBXFrameworksBuildPhase section */
		9AD0143B1D5553C4001BEE77 /* Frameworks */ = {
			isa = PBXFrameworksBuildPhase;
			buildActionMask = 2147483647;
			files = (
				9A9198BF1D63A3DB00DA107D /* HarpiOS.framework in Frameworks */,
			);
			runOnlyForDeploymentPostprocessing = 0;
		};
/* End PBXFrameworksBuildPhase section */

/* Begin PBXGroup section */
		9A3D5E761D63910400DB7E72 /* Supporting */ = {
			isa = PBXGroup;
			children = (
				9A9198C91D63A70100DA107D /* Assets.xcassets */,
				9A9198C11D63A6D300DA107D /* HarpController-Bridging-Header.h */,
				9A9198C81D63A6F600DA107D /* Info.plist */,
				9A9198D71D63A76B00DA107D /* LaunchScreen.storyboard */,
			);
			name = Supporting;
			sourceTree = "<group>";
		};
		9AD014351D5553C4001BEE77 = {
			isa = PBXGroup;
			children = (
				9A8FBFC31D6FB70E0027F644 /* MBFingerTipWindow.h */,
				9A8FBFC41D6FB70E0027F644 /* MBFingerTipWindow.m */,
				9A9198BE1D63A3DB00DA107D /* HarpiOS.framework */,
				9AD014401D5553C4001BEE77 /* HarpController */,
				9AD0143F1D5553C4001BEE77 /* Products */,
			);
			sourceTree = "<group>";
		};
		9AD0143F1D5553C4001BEE77 /* Products */ = {
			isa = PBXGroup;
			children = (
				9AD0143E1D5553C4001BEE77 /* HarpController.app */,
			);
			name = Products;
			sourceTree = "<group>";
		};
		9AD014401D5553C4001BEE77 /* HarpController */ = {
			isa = PBXGroup;
			children = (
				9AD014731D562D5C001BEE77 /* Controllers */,
				9A3D5E761D63910400DB7E72 /* Supporting */,
				9AD014741D562D75001BEE77 /* Views */,
				9A9198D11D63A71D00DA107D /* AppDelegate.swift */,
				9A9198D31D63A72500DA107D /* Extensions.swift */,
				9A9198DA1D63A77A00DA107D /* Main.storyboard */,
				9A9198D51D63A73800DA107D /* ViewController.swift */,
			);
			name = HarpController;
			path = HarpApp;
			sourceTree = "<group>";
		};
		9AD014731D562D5C001BEE77 /* Controllers */ = {
			isa = PBXGroup;
			children = (
				9A9198C21D63A6DF00DA107D /* Proto1ViewController.swift */,
				9A9198C41D63A6E400DA107D /* Proto2ViewController.swift */,
				9A9198C61D63A6EA00DA107D /* RemoteViewController.swift */,
			);
			name = Controllers;
			sourceTree = "<group>";
		};
		9AD014741D562D75001BEE77 /* Views */ = {
			isa = PBXGroup;
			children = (
				9A9198CB1D63A71000DA107D /* ButtonView.swift */,
				9A9198CC1D63A71000DA107D /* DpadView.swift */,
				9A9198CD1D63A71000DA107D /* StickView.swift */,
			);
			name = Views;
			sourceTree = "<group>";
		};
/* End PBXGroup section */

/* Begin PBXNativeTarget section */
		9AD0143D1D5553C4001BEE77 /* HarpController */ = {
			isa = PBXNativeTarget;
			buildConfigurationList = 9AD014501D5553C4001BEE77 /* Build configuration list for PBXNativeTarget "HarpController" */;
			buildPhases = (
				9AD0143A1D5553C4001BEE77 /* Sources */,
				9AD0143B1D5553C4001BEE77 /* Frameworks */,
				9AD0143C1D5553C4001BEE77 /* Resources */,
				9A77C5E41D627DDA0049766C /* Embed Frameworks */,
			);
			buildRules = (
			);
			dependencies = (
			);
			name = HarpController;
			productName = HarpApp;
			productReference = 9AD0143E1D5553C4001BEE77 /* HarpController.app */;
			productType = "com.apple.product-type.application";
		};
/* End PBXNativeTarget section */

/* Begin PBXProject section */
		9AD014361D5553C4001BEE77 /* Project object */ = {
			isa = PBXProject;
			attributes = {
				LastSwiftUpdateCheck = 0800;
				LastUpgradeCheck = 0800;
				ORGANIZATIONNAME = "Lou Zell";
				TargetAttributes = {
					9AD0143D1D5553C4001BEE77 = {
						CreatedOnToolsVersion = 8.0;
						LastSwiftMigration = 0800;
						ProvisioningStyle = Automatic;
					};
				};
			};
			buildConfigurationList = 9AD014391D5553C4001BEE77 /* Build configuration list for PBXProject "HarpController" */;
			compatibilityVersion = "Xcode 3.2";
			developmentRegion = English;
			hasScannedForEncodings = 0;
			knownRegions = (
				en,
				Base,
			);
			mainGroup = 9AD014351D5553C4001BEE77;
			productRefGroup = 9AD0143F1D5553C4001BEE77 /* Products */;
			projectDirPath = "";
			projectRoot = "";
			targets = (
				9AD0143D1D5553C4001BEE77 /* HarpController */,
			);
		};
/* End PBXProject section */

/* Begin PBXResourcesBuildPhase section */
		9AD0143C1D5553C4001BEE77 /* Resources */ = {
			isa = PBXResourcesBuildPhase;
			buildActionMask = 2147483647;
			files = (
				9A9198DC1D63A77A00DA107D /* Main.storyboard in Resources */,
				9A9198D91D63A76B00DA107D /* LaunchScreen.storyboard in Resources */,
				9A9198CA1D63A70100DA107D /* Assets.xcassets in Resources */,
			);
			runOnlyForDeploymentPostprocessing = 0;
		};
/* End PBXResourcesBuildPhase section */

/* Begin PBXSourcesBuildPhase section */
		9AD0143A1D5553C4001BEE77 /* Sources */ = {
			isa = PBXSourcesBuildPhase;
			buildActionMask = 2147483647;
			files = (
				9A9198D61D63A73800DA107D /* ViewController.swift in Sources */,
				9A9198CE1D63A71000DA107D /* ButtonView.swift in Sources */,
				9A9198C71D63A6EA00DA107D /* RemoteViewController.swift in Sources */,
				9A9198C51D63A6E400DA107D /* Proto2ViewController.swift in Sources */,
				9A9198C31D63A6DF00DA107D /* Proto1ViewController.swift in Sources */,
				9A9198D01D63A71000DA107D /* StickView.swift in Sources */,
				9A9198CF1D63A71000DA107D /* DpadView.swift in Sources */,
				9A9198D21D63A71D00DA107D /* AppDelegate.swift in Sources */,
				9A9198D41D63A72500DA107D /* Extensions.swift in Sources */,
				9A8FBFC51D6FB70E0027F644 /* MBFingerTipWindow.m in Sources */,
			);
			runOnlyForDeploymentPostprocessing = 0;
		};
/* End PBXSourcesBuildPhase section */

/* Begin PBXVariantGroup section */
		9A9198D71D63A76B00DA107D /* LaunchScreen.storyboard */ = {
			isa = PBXVariantGroup;
			children = (
				9A9198D81D63A76B00DA107D /* Base */,
			);
			name = LaunchScreen.storyboard;
			sourceTree = "<group>";
		};
		9A9198DA1D63A77A00DA107D /* Main.storyboard */ = {
			isa = PBXVariantGroup;
			children = (
				9A9198DB1D63A77A00DA107D /* Base */,
			);
			name = Main.storyboard;
			sourceTree = "<group>";
		};
/* End PBXVariantGroup section */

/* Begin XCBuildConfiguration section */
		9AD0144E1D5553C4001BEE77 /* Debug */ = {
			isa = XCBuildConfiguration;
			buildSettings = {
				ALWAYS_SEARCH_USER_PATHS = NO;
				CLANG_ANALYZER_NONNULL = YES;
				CLANG_CXX_LANGUAGE_STANDARD = "gnu++0x";
				CLANG_CXX_LIBRARY = "libc++";
				CLANG_ENABLE_MODULES = YES;
				CLANG_ENABLE_OBJC_ARC = YES;
				CLANG_WARN_BOOL_CONVERSION = YES;
				CLANG_WARN_CONSTANT_CONVERSION = YES;
				CLANG_WARN_DIRECT_OBJC_ISA_USAGE = YES_ERROR;
				CLANG_WARN_DOCUMENTATION_COMMENTS = YES;
				CLANG_WARN_EMPTY_BODY = YES;
				CLANG_WARN_ENUM_CONVERSION = YES;
				CLANG_WARN_INFINITE_RECURSION = YES;
				CLANG_WARN_INT_CONVERSION = YES;
				CLANG_WARN_OBJC_ROOT_CLASS = YES_ERROR;
				CLANG_WARN_SUSPICIOUS_MOVES = YES;
				CLANG_WARN_UNREACHABLE_CODE = YES;
				CLANG_WARN__DUPLICATE_METHOD_MATCH = YES;
				"CODE_SIGN_IDENTITY[sdk=iphoneos*]" = "iPhone Developer";
				COPY_PHASE_STRIP = NO;
				DEBUG_INFORMATION_FORMAT = dwarf;
				ENABLE_STRICT_OBJC_MSGSEND = YES;
				ENABLE_TESTABILITY = YES;
				GCC_C_LANGUAGE_STANDARD = gnu99;
				GCC_DYNAMIC_NO_PIC = NO;
				GCC_NO_COMMON_BLOCKS = YES;
				GCC_OPTIMIZATION_LEVEL = 0;
				GCC_PREPROCESSOR_DEFINITIONS = (
					"DEBUG=1",
					"$(inherited)",
				);
				GCC_WARN_64_TO_32_BIT_CONVERSION = YES;
				GCC_WARN_ABOUT_RETURN_TYPE = YES_ERROR;
				GCC_WARN_UNDECLARED_SELECTOR = YES;
				GCC_WARN_UNINITIALIZED_AUTOS = YES_AGGRESSIVE;
				GCC_WARN_UNUSED_FUNCTION = YES;
				GCC_WARN_UNUSED_VARIABLE = YES;
				IPHONEOS_DEPLOYMENT_TARGET = 9.3;
				MTL_ENABLE_DEBUG_INFO = YES;
				ONLY_ACTIVE_ARCH = YES;
				SDKROOT = iphoneos;
				SWIFT_ACTIVE_COMPILATION_CONDITIONS = DEBUG;
				SWIFT_OPTIMIZATION_LEVEL = "-Onone";
				TARGETED_DEVICE_FAMILY = "1,2";
			};
			name = Debug;
		};
		9AD0144F1D5553C4001BEE77 /* Release */ = {
			isa = XCBuildConfiguration;
			buildSettings = {
				ALWAYS_SEARCH_USER_PATHS = NO;
				CLANG_ANALYZER_NONNULL = YES;
				CLANG_CXX_LANGUAGE_STANDARD = "gnu++0x";
				CLANG_CXX_LIBRARY = "libc++";
				CLANG_ENABLE_MODULES = YES;
				CLANG_ENABLE_OBJC_ARC = YES;
				CLANG_WARN_BOOL_CONVERSION = YES;
				CLANG_WARN_CONSTANT_CONVERSION = YES;
				CLANG_WARN_DIRECT_OBJC_ISA_USAGE = YES_ERROR;
				CLANG_WARN_DOCUMENTATION_COMMENTS = YES;
				CLANG_WARN_EMPTY_BODY = YES;
				CLANG_WARN_ENUM_CONVERSION = YES;
				CLANG_WARN_INFINITE_RECURSION = YES;
				CLANG_WARN_INT_CONVERSION = YES;
				CLANG_WARN_OBJC_ROOT_CLASS = YES_ERROR;
				CLANG_WARN_SUSPICIOUS_MOVES = YES;
				CLANG_WARN_UNREACHABLE_CODE = YES;
				CLANG_WARN__DUPLICATE_METHOD_MATCH = YES;
				"CODE_SIGN_IDENTITY[sdk=iphoneos*]" = "iPhone Developer";
				COPY_PHASE_STRIP = NO;
				DEBUG_INFORMATION_FORMAT = "dwarf-with-dsym";
				ENABLE_NS_ASSERTIONS = NO;
				ENABLE_STRICT_OBJC_MSGSEND = YES;
				GCC_C_LANGUAGE_STANDARD = gnu99;
				GCC_NO_COMMON_BLOCKS = YES;
				GCC_WARN_64_TO_32_BIT_CONVERSION = YES;
				GCC_WARN_ABOUT_RETURN_TYPE = YES_ERROR;
				GCC_WARN_UNDECLARED_SELECTOR = YES;
				GCC_WARN_UNINITIALIZED_AUTOS = YES_AGGRESSIVE;
				GCC_WARN_UNUSED_FUNCTION = YES;
				GCC_WARN_UNUSED_VARIABLE = YES;
				IPHONEOS_DEPLOYMENT_TARGET = 9.3;
				MTL_ENABLE_DEBUG_INFO = NO;
				SDKROOT = iphoneos;
				SWIFT_OPTIMIZATION_LEVEL = "-Owholemodule";
				TARGETED_DEVICE_FAMILY = "1,2";
				VALIDATE_PRODUCT = YES;
			};
			name = Release;
		};
		9AD014511D5553C4001BEE77 /* Debug */ = {
			isa = XCBuildConfiguration;
			buildSettings = {
				ASSETCATALOG_COMPILER_APPICON_NAME = AppIcon;
				CLANG_ENABLE_MODULES = YES;
				INFOPLIST_FILE = HarpController/Info.plist;
				LD_RUNPATH_SEARCH_PATHS = "$(inherited) @executable_path/Frameworks";
				PRODUCT_BUNDLE_IDENTIFIER = com.lzell.HarpController;
				PRODUCT_NAME = HarpController;
				SWIFT_OBJC_BRIDGING_HEADER = "HarpController/HarpController-Bridging-Header.h";
				SWIFT_OPTIMIZATION_LEVEL = "-Onone";
				SWIFT_VERSION = 3.0;
			};
			name = Debug;
		};
		9AD014521D5553C4001BEE77 /* Release */ = {
			isa = XCBuildConfiguration;
			buildSettings = {
				ASSETCATALOG_COMPILER_APPICON_NAME = AppIcon;
				CLANG_ENABLE_MODULES = YES;
				INFOPLIST_FILE = HarpController/Info.plist;
				LD_RUNPATH_SEARCH_PATHS = "$(inherited) @executable_path/Frameworks";
				PRODUCT_BUNDLE_IDENTIFIER = com.lzell.HarpController;
				PRODUCT_NAME = HarpController;
				SWIFT_OBJC_BRIDGING_HEADER = "HarpController/HarpController-Bridging-Header.h";
				SWIFT_VERSION = 3.0;
			};
			name = Release;
		};
/* End XCBuildConfiguration section */

/* Begin XCConfigurationList section */
		9AD014391D5553C4001BEE77 /* Build configuration list for PBXProject "HarpController" */ = {
			isa = XCConfigurationList;
			buildConfigurations = (
				9AD0144E1D5553C4001BEE77 /* Debug */,
				9AD0144F1D5553C4001BEE77 /* Release */,
			);
			defaultConfigurationIsVisible = 0;
			defaultConfigurationName = Release;
		};
		9AD014501D5553C4001BEE77 /* Build configuration list for PBXNativeTarget "HarpController" */ = {
			isa = XCConfigurationList;
			buildConfigurations = (
				9AD014511D5553C4001BEE77 /* Debug */,
				9AD014521D5553C4001BEE77 /* Release */,
			);
			defaultConfigurationIsVisible = 0;
			defaultConfigurationName = Release;
		};
/* End XCConfigurationList section */
	};
	rootObject = 9AD014361D5553C4001BEE77 /* Project object */;
}
